
Microsoft Visual Studio Solution File, Format Version 12.00
# Visual Studio Version 17
VisualStudioVersion = 17.5.002.0
MinimumVisualStudioVersion = 10.0.40219.1
Project("{9A19103F-16F7-4668-BE54-9A1E7A4F7556}") = "CasasBahia.Tests", "CasasBahia.Tests.csproj", "{E37C8856-8938-4354-873C-2CDF6A991A59}"
EndProject
Global
	GlobalSection(SolutionConfigurationPlatforms) = preSolution
		Debug|Any CPU = Debug|Any CPU
		Release|Any CPU = Release|Any CPU
	EndGlobalSection
	GlobalSection(ProjectConfigurationPlatforms) = postSolution
		{E37C8856-8938-4354-873C-2CDF6A991A59}.Debug|Any CPU.ActiveCfg = Debug|Any CPU
		{E37C8856-8938-4354-873C-2CDF6A991A59}.Debug|Any CPU.Build.0 = Debug|Any CPU
		{E37C8856-8938-4354-873C-2CDF6A991A59}.Release|Any CPU.ActiveCfg = Release|Any CPU
		{E37C8856-8938-4354-873C-2CDF6A991A59}.Release|Any CPU.Build.0 = Release|Any CPU
	EndGlobalSection
	GlobalSection(SolutionProperties) = preSolution
		HideSolutionNode = FALSE
	EndGlobalSection
	GlobalSection(ExtensibilityGlobals) = postSolution
		SolutionGuid = {87ECF6F8-7AFC-4661-B92B-D44C9F19385D}
	EndGlobalSection
EndGlobal
